// !$*UTF8*$!
{
	archiveVersion = 1;
	classes = {
	};
	objectVersion = 46;
	objects = {

/* Begin PBXBuildFile section */
		4FBBD1221E9D146D001929B2 /* AppDelegate.swift in Sources */ = {isa = PBXBuildFile; fileRef = 4FBBD1211E9D146D001929B2 /* AppDelegate.swift */; };
		4FBBD1241E9D146D001929B2 /* ViewController.swift in Sources */ = {isa = PBXBuildFile; fileRef = 4FBBD1231E9D146D001929B2 /* ViewController.swift */; };
		4FBBD1271E9D146D001929B2 /* Main.storyboard in Resources */ = {isa = PBXBuildFile; fileRef = 4FBBD1251E9D146D001929B2 /* Main.storyboard */; };
		4FBBD1291E9D146D001929B2 /* Assets.xcassets in Resources */ = {isa = PBXBuildFile; fileRef = 4FBBD1281E9D146D001929B2 /* Assets.xcassets */; };
		4FBBD12C1E9D146D001929B2 /* LaunchScreen.storyboard in Resources */ = {isa = PBXBuildFile; fileRef = 4FBBD12A1E9D146D001929B2 /* LaunchScreen.storyboard */; };
		4FBBD1341E9D1605001929B2 /* LoginViewController.swift in Sources */ = {isa = PBXBuildFile; fileRef = 4FBBD1331E9D1605001929B2 /* LoginViewController.swift */; };
		4FBBD1361E9D160E001929B2 /* RegisterViewController.swift in Sources */ = {isa = PBXBuildFile; fileRef = 4FBBD1351E9D160E001929B2 /* RegisterViewController.swift */; };
		8B1EACE3E217B3973C087364 /* Pods_tabmanTest.framework in Frameworks */ = {isa = PBXBuildFile; fileRef = EA8ADD0921CF2084F472086E /* Pods_tabmanTest.framework */; };
/* End PBXBuildFile section */

/* Begin PBXFileReference section */
		4FBBD11E1E9D146D001929B2 /* tabmanTest.app */ = {isa = PBXFileReference; explicitFileType = wrapper.application; includeInIndex = 0; path = tabmanTest.app; sourceTree = BUILT_PRODUCTS_DIR; };
		4FBBD1211E9D146D001929B2 /* AppDelegate.swift */ = {isa = PBXFileReference; lastKnownFileType = sourcecode.swift; path = AppDelegate.swift; sourceTree = "<group>"; };
		4FBBD1231E9D146D001929B2 /* ViewController.swift */ = {isa = PBXFileReference; lastKnownFileType = sourcecode.swift; path = ViewController.swift; sourceTree = "<group>"; };
		4FBBD1261E9D146D001929B2 /* Base */ = {isa = PBXFileReference; lastKnownFileType = file.storyboard; name = Base; path = Base.lproj/Main.storyboard; sourceTree = "<group>"; };
		4FBBD1281E9D146D001929B2 /* Assets.xcassets */ = {isa = PBXFileReference; lastKnownFileType = folder.assetcatalog; path = Assets.xcassets; sourceTree = "<group>"; };
		4FBBD12B1E9D146D001929B2 /* Base */ = {isa = PBXFileReference; lastKnownFileType = file.storyboard; name = Base; path = Base.lproj/LaunchScreen.storyboard; sourceTree = "<group>"; };
		4FBBD12D1E9D146D001929B2 /* Info.plist */ = {isa = PBXFileReference; lastKnownFileType = text.plist.xml; path = Info.plist; sourceTree = "<group>"; };
		4FBBD1331E9D1605001929B2 /* LoginViewController.swift */ = {isa = PBXFileReference; fileEncoding = 4; lastKnownFileType = sourcecode.swift; path = LoginViewController.swift; sourceTree = "<group>"; };
		4FBBD1351E9D160E001929B2 /* RegisterViewController.swift */ = {isa = PBXFileReference; fileEncoding = 4; lastKnownFileType = sourcecode.swift; path = RegisterViewController.swift; sourceTree = "<group>"; };
		8D3E8C81DFFEEC999EC949C7 /* Pods-tabmanTest.release.xcconfig */ = {isa = PBXFileReference; includeInIndex = 1; lastKnownFileType = text.xcconfig; name = "Pods-tabmanTest.release.xcconfig"; path = "Pods/Target Support Files/Pods-tabmanTest/Pods-tabmanTest.release.xcconfig"; sourceTree = "<group>"; };
		989ADDC2DC1BA5D3DC962E3E /* Pods-tabmanTest.debug.xcconfig */ = {isa = PBXFileReference; includeInIndex = 1; lastKnownFileType = text.xcconfig; name = "Pods-tabmanTest.debug.xcconfig"; path = "Pods/Target Support Files/Pods-tabmanTest/Pods-tabmanTest.debug.xcconfig"; sourceTree = "<group>"; };
		EA8ADD0921CF2084F472086E /* Pods_tabmanTest.framework */ = {isa = PBXFileReference; explicitFileType = wrapper.framework; includeInIndex = 0; path = Pods_tabmanTest.framework; sourceTree = BUILT_PRODUCTS_DIR; };
/* End PBXFileReference section */

/* Begin PBXFrameworksBuildPhase section */
		4FBBD11B1E9D146D001929B2 /* Frameworks */ = {
			isa = PBXFrameworksBuildPhase;
			buildActionMask = 2147483647;
			files = (
				8B1EACE3E217B3973C087364 /* Pods_tabmanTest.framework in Frameworks */,
			);
			runOnlyForDeploymentPostprocessing = 0;
		};
/* End PBXFrameworksBuildPhase section */

/* Begin PBXGroup section */
		4FBBD1151E9D146D001929B2 = {
			isa = PBXGroup;
			children = (
				4FBBD1201E9D146D001929B2 /* tabmanTest */,
				4FBBD11F1E9D146D001929B2 /* Products */,
				89DA47424BA4630B5587DBAB /* Pods */,
				D49CB45B96350A423D268BE9 /* Frameworks */,
			);
			sourceTree = "<group>";
		};
		4FBBD11F1E9D146D001929B2 /* Products */ = {
			isa = PBXGroup;
			children = (
				4FBBD11E1E9D146D001929B2 /* tabmanTest.app */,
			);
			name = Products;
			sourceTree = "<group>";
		};
		4FBBD1201E9D146D001929B2 /* tabmanTest */ = {
			isa = PBXGroup;
			children = (
				4FBBD1211E9D146D001929B2 /* AppDelegate.swift */,
				4FBBD1231E9D146D001929B2 /* ViewController.swift */,
				4FBBD1251E9D146D001929B2 /* Main.storyboard */,
				4FBBD1281E9D146D001929B2 /* Assets.xcassets */,
				4FBBD12A1E9D146D001929B2 /* LaunchScreen.storyboard */,
				4FBBD12D1E9D146D001929B2 /* Info.plist */,
				4FBBD1331E9D1605001929B2 /* LoginViewController.swift */,
				4FBBD1351E9D160E001929B2 /* RegisterViewController.swift */,
			);
			path = tabmanTest;
			sourceTree = "<group>";
		};
		89DA47424BA4630B5587DBAB /* Pods */ = {
			isa = PBXGroup;
			children = (
				989ADDC2DC1BA5D3DC962E3E /* Pods-tabmanTest.debug.xcconfig */,
				8D3E8C81DFFEEC999EC949C7 /* Pods-tabmanTest.release.xcconfig */,
			);
			name = Pods;
			sourceTree = "<group>";
		};
		D49CB45B96350A423D268BE9 /* Frameworks */ = {
			isa = PBXGroup;
			children = (
				EA8ADD0921CF2084F472086E /* Pods_tabmanTest.framework */,
			);
			name = Frameworks;
			sourceTree = "<group>";
		};
/* End PBXGroup section */

/* Begin PBXNativeTarget section */
		4FBBD11D1E9D146D001929B2 /* tabmanTest */ = {
			isa = PBXNativeTarget;
			buildConfigurationList = 4FBBD1301E9D146D001929B2 /* Build configuration list for PBXNativeTarget "tabmanTest" */;
			buildPhases = (
				C11C1E5D7F0479C5B11B55BC /* [CP] Check Pods Manifest.lock */,
				4FBBD11A1E9D146D001929B2 /* Sources */,
				4FBBD11B1E9D146D001929B2 /* Frameworks */,
				4FBBD11C1E9D146D001929B2 /* Resources */,
				A026B31E50A4C5FCFAAA4DE9 /* [CP] Embed Pods Frameworks */,
				F6D7F0A44A2E2D156EAD5387 /* [CP] Copy Pods Resources */,
			);
			buildRules = (
			);
			dependencies = (
			);
			name = tabmanTest;
			productName = tabmanTest;
			productReference = 4FBBD11E1E9D146D001929B2 /* tabmanTest.app */;
			productType = "com.apple.product-type.application";
		};
/* End PBXNativeTarget section */

/* Begin PBXProject section */
		4FBBD1161E9D146D001929B2 /* Project object */ = {
			isa = PBXProject;
			attributes = {
				LastSwiftUpdateCheck = 0830;
				LastUpgradeCheck = 0830;
				ORGANIZATIONNAME = atonce.com.test;
				TargetAttributes = {
					4FBBD11D1E9D146D001929B2 = {
						CreatedOnToolsVersion = 8.3;
						DevelopmentTeam = Z5R5B5S3C4;
						ProvisioningStyle = Automatic;
					};
				};
			};
			buildConfigurationList = 4FBBD1191E9D146D001929B2 /* Build configuration list for PBXProject "tabmanTest" */;
			compatibilityVersion = "Xcode 3.2";
			developmentRegion = English;
			hasScannedForEncodings = 0;
			knownRegions = (
				en,
				Base,
			);
			mainGroup = 4FBBD1151E9D146D001929B2;
			productRefGroup = 4FBBD11F1E9D146D001929B2 /* Products */;
			projectDirPath = "";
			projectRoot = "";
			targets = (
				4FBBD11D1E9D146D001929B2 /* tabmanTest */,
			);
		};
/* End PBXProject section */

/* Begin PBXResourcesBuildPhase section */
		4FBBD11C1E9D146D001929B2 /* Resources */ = {
			isa = PBXResourcesBuildPhase;
			buildActionMask = 2147483647;
			files = (
				4FBBD12C1E9D146D001929B2 /* LaunchScreen.storyboard in Resources */,
				4FBBD1291E9D146D001929B2 /* Assets.xcassets in Resources */,
				4FBBD1271E9D146D001929B2 /* Main.storyboard in Resources */,
			);
			runOnlyForDeploymentPostprocessing = 0;
		};
/* End PBXResourcesBuildPhase section */

/* Begin PBXShellScriptBuildPhase section */
		A026B31E50A4C5FCFAAA4DE9 /* [CP] Embed Pods Frameworks */ = {
			isa = PBXShellScriptBuildPhase;
			buildActionMask = 2147483647;
			files = (
			);
			inputPaths = (
			);
			name = "[CP] Embed Pods Frameworks";
			outputPaths = (
			);
			runOnlyForDeploymentPostprocessing = 0;
			shellPath = /bin/sh;
			shellScript = "\"${SRCROOT}/Pods/Target Support Files/Pods-tabmanTest/Pods-tabmanTest-frameworks.sh\"\n";
			showEnvVarsInLog = 0;
		};
		C11C1E5D7F0479C5B11B55BC /* [CP] Check Pods Manifest.lock */ = {
			isa = PBXShellScriptBuildPhase;
			buildActionMask = 2147483647;
			files = (
			);
			inputPaths = (
			);
			name = "[CP] Check Pods Manifest.lock";
			outputPaths = (
			);
			runOnlyForDeploymentPostprocessing = 0;
			shellPath = /bin/sh;
			shellScript = "diff \"${PODS_ROOT}/../Podfile.lock\" \"${PODS_ROOT}/Manifest.lock\" > /dev/null\nif [[ $? != 0 ]] ; then\n    cat << EOM\nerror: The sandbox is not in sync with the Podfile.lock. Run 'pod install' or update your CocoaPods installation.\nEOM\n    exit 1\nfi\n";
			showEnvVarsInLog = 0;
		};
		F6D7F0A44A2E2D156EAD5387 /* [CP] Copy Pods Resources */ = {
			isa = PBXShellScriptBuildPhase;
			buildActionMask = 2147483647;
			files = (
			);
			inputPaths = (
			);
			name = "[CP] Copy Pods Resources";
			outputPaths = (
			);
			runOnlyForDeploymentPostprocessing = 0;
			shellPath = /bin/sh;
			shellScript = "\"${SRCROOT}/Pods/Target Support Files/Pods-tabmanTest/Pods-tabmanTest-resources.sh\"\n";
			showEnvVarsInLog = 0;
		};
/* End PBXShellScriptBuildPhase section */

/* Begin PBXSourcesBuildPhase section */
		4FBBD11A1E9D146D001929B2 /* Sources */ = {
			isa = PBXSourcesBuildPhase;
			buildActionMask = 2147483647;
			files = (
				4FBBD1341E9D1605001929B2 /* LoginViewController.swift in Sources */,
				4FBBD1241E9D146D001929B2 /* ViewController.swift in Sources */,
				4FBBD1221E9D146D001929B2 /* AppDelegate.swift in Sources */,
				4FBBD1361E9D160E001929B2 /* RegisterViewController.swift in Sources */,
			);
			runOnlyForDeploymentPostprocessing = 0;
		};
/* End PBXSourcesBuildPhase section */

/* Begin PBXVariantGroup section */
		4FBBD1251E9D146D001929B2 /* Main.storyboard */ = {
			isa = PBXVariantGroup;
			children = (
				4FBBD1261E9D146D001929B2 /* Base */,
			);
			name = Main.storyboard;
			sourceTree = "<group>";
		};
		4FBBD12A1E9D146D001929B2 /* LaunchScreen.storyboard */ = {
			isa = PBXVariantGroup;
			children = (
				4FBBD12B1E9D146D001929B2 /* Base */,
			);
			name = LaunchScreen.storyboard;
			sourceTree = "<group>";
		};
/* End PBXVariantGroup section */

/* Begin XCBuildConfiguration section */
		4FBBD12E1E9D146D001929B2 /* Debug */ = {
			isa = XCBuildConfiguration;
			buildSettings = {
				ALWAYS_SEARCH_USER_PATHS = NO;
				CLANG_ANALYZER_NONNULL = YES;
				CLANG_ANALYZER_NUMBER_OBJECT_CONVERSION = YES_AGGRESSIVE;
				CLANG_CXX_LANGUAGE_STANDARD = "gnu++0x";
				CLANG_CXX_LIBRARY = "libc++";
				CLANG_ENABLE_MODULES = YES;
				CLANG_ENABLE_OBJC_ARC = YES;
				CLANG_WARN_BOOL_CONVERSION = YES;
				CLANG_WARN_CONSTANT_CONVERSION = YES;
				CLANG_WARN_DIRECT_OBJC_ISA_USAGE = YES_ERROR;
				CLANG_WARN_DOCUMENTATION_COMMENTS = YES;
				CLANG_WARN_EMPTY_BODY = YES;
				CLANG_WARN_ENUM_CONVERSION = YES;
				CLANG_WARN_INFINITE_RECURSION = YES;
				CLANG_WARN_INT_CONVERSION = YES;
				CLANG_WARN_OBJC_ROOT_CLASS = YES_ERROR;
				CLANG_WARN_SUSPICIOUS_MOVE = YES;
				CLANG_WARN_UNREACHABLE_CODE = YES;
				CLANG_WARN__DUPLICATE_METHOD_MATCH = YES;
				"CODE_SIGN_IDENTITY[sdk=iphoneos*]" = "iPhone Developer";
				COPY_PHASE_STRIP = NO;
				DEBUG_INFORMATION_FORMAT = dwarf;
				ENABLE_STRICT_OBJC_MSGSEND = YES;
				ENABLE_TESTABILITY = YES;
				GCC_C_LANGUAGE_STANDARD = gnu99;
				GCC_DYNAMIC_NO_PIC = NO;
				GCC_NO_COMMON_BLOCKS = YES;
				GCC_OPTIMIZATION_LEVEL = 0;
				GCC_PREPROCESSOR_DEFINITIONS = (
					"DEBUG=1",
					"$(inherited)",
				);
				GCC_WARN_64_TO_32_BIT_CONVERSION = YES;
				GCC_WARN_ABOUT_RETURN_TYPE = YES_ERROR;
				GCC_WARN_UNDECLARED_SELECTOR = YES;
				GCC_WARN_UNINITIALIZED_AUTOS = YES_AGGRESSIVE;
				GCC_WARN_UNUSED_FUNCTION = YES;
				GCC_WARN_UNUSED_VARIABLE = YES;
				IPHONEOS_DEPLOYMENT_TARGET = 10.3;
				MTL_ENABLE_DEBUG_INFO = YES;
				ONLY_ACTIVE_ARCH = YES;
				SDKROOT = iphoneos;
				SWIFT_ACTIVE_COMPILATION_CONDITIONS = DEBUG;
				SWIFT_OPTIMIZATION_LEVEL = "-Onone";
			};
			name = Debug;
		};
		4FBBD12F1E9D146D001929B2 /* Release */ = {
			isa = XCBuildConfiguration;
			buildSettings = {
				ALWAYS_SEARCH_USER_PATHS = NO;
				CLANG_ANALYZER_NONNULL = YES;
				CLANG_ANALYZER_NUMBER_OBJECT_CONVERSION = YES_AGGRESSIVE;
				CLANG_CXX_LANGUAGE_STANDARD = "gnu++0x";
				CLANG_CXX_LIBRARY = "libc++";
				CLANG_ENABLE_MODULES = YES;
				CLANG_ENABLE_OBJC_ARC = YES;
				CLANG_WARN_BOOL_CONVERSION = YES;
				CLANG_WARN_CONSTANT_CONVERSION = YES;
				CLANG_WARN_DIRECT_OBJC_ISA_USAGE = YES_ERROR;
				CLANG_WARN_DOCUMENTATION_COMMENTS = YES;
				CLANG_WARN_EMPTY_BODY = YES;
				CLANG_WARN_ENUM_CONVERSION = YES;
				CLANG_WARN_INFINITE_RECURSION = YES;
				CLANG_WARN_INT_CONVERSION = YES;
				CLANG_WARN_OBJC_ROOT_CLASS = YES_ERROR;
				CLANG_WARN_SUSPICIOUS_MOVE = YES;
				CLANG_WARN_UNREACHABLE_CODE = YES;
				CLANG_WARN__DUPLICATE_METHOD_MATCH = YES;
				"CODE_SIGN_IDENTITY[sdk=iphoneos*]" = "iPhone Developer";
				COPY_PHASE_STRIP = NO;
				DEBUG_INFORMATION_FORMAT = "dwarf-with-dsym";
				ENABLE_NS_ASSERTIONS = NO;
				ENABLE_STRICT_OBJC_MSGSEND = YES;
				GCC_C_LANGUAGE_STANDARD = gnu99;
				GCC_NO_COMMON_BLOCKS = YES;
				GCC_WARN_64_TO_32_BIT_CONVERSION = YES;
				GCC_WARN_ABOUT_RETURN_TYPE = YES_ERROR;
				GCC_WARN_UNDECLARED_SELECTOR = YES;
				GCC_WARN_UNINITIALIZED_AUTOS = YES_AGGRESSIVE;
				GCC_WARN_UNUSED_FUNCTION = YES;
				GCC_WARN_UNUSED_VARIABLE = YES;
				IPHONEOS_DEPLOYMENT_TARGET = 10.3;
				MTL_ENABLE_DEBUG_INFO = NO;
				SDKROOT = iphoneos;
				SWIFT_OPTIMIZATION_LEVEL = "-Owholemodule";
				VALIDATE_PRODUCT = YES;
			};
			name = Release;
		};
		4FBBD1311E9D146D001929B2 /* Debug */ = {
			isa = XCBuildConfiguration;
			baseConfigurationReference = 989ADDC2DC1BA5D3DC962E3E /* Pods-tabmanTest.debug.xcconfig */;
			buildSettings = {
				ASSETCATALOG_COMPILER_APPICON_NAME = AppIcon;
				DEVELOPMENT_TEAM = Z5R5B5S3C4;
				INFOPLIST_FILE = tabmanTest/Info.plist;
				LD_RUNPATH_SEARCH_PATHS = "$(inherited) @executable_path/Frameworks";
				PRODUCT_BUNDLE_IDENTIFIER = com.atonce.tabmanTest;
				PRODUCT_NAME = "$(TARGET_NAME)";
				SWIFT_VERSION = 3.0;
			};
			name = Debug;
		};
		4FBBD1321E9D146D001929B2 /* Release */ = {
			isa = XCBuildConfiguration;
			baseConfigurationReference = 8D3E8C81DFFEEC999EC949C7 /* Pods-tabmanTest.release.xcconfig */;
			buildSettings = {
				ASSETCATALOG_COMPILER_APPICON_NAME = AppIcon;
				DEVELOPMENT_TEAM = Z5R5B5S3C4;
				INFOPLIST_FILE = tabmanTest/Info.plist;
				LD_RUNPATH_SEARCH_PATHS = "$(inherited) @executable_path/Frameworks";
				PRODUCT_BUNDLE_IDENTIFIER = com.atonce.tabmanTest;
				PRODUCT_NAME = "$(TARGET_NAME)";
				SWIFT_VERSION = 3.0;
			};
			name = Release;
		};
/* End XCBuildConfiguration section */

/* Begin XCConfigurationList section */
		4FBBD1191E9D146D001929B2 /* Build configuration list for PBXProject "tabmanTest" */ = {
			isa = XCConfigurationList;
			buildConfigurations = (
				4FBBD12E1E9D146D001929B2 /* Debug */,
				4FBBD12F1E9D146D001929B2 /* Release */,
			);
			defaultConfigurationIsVisible = 0;
			defaultConfigurationName = Release;
		};
		4FBBD1301E9D146D001929B2 /* Build configuration list for PBXNativeTarget "tabmanTest" */ = {
			isa = XCConfigurationList;
			buildConfigurations = (
				4FBBD1311E9D146D001929B2 /* Debug */,
				4FBBD1321E9D146D001929B2 /* Release */,
			);
			defaultConfigurationIsVisible = 0;
			defaultConfigurationName = Release;
		};
/* End XCConfigurationList section */
	};
	rootObject = 4FBBD1161E9D146D001929B2 /* Project object */;
}
